
Microsoft Visual Studio Solution File, Format Version 12.00
# Visual Studio 14
VisualStudioVersion = 14.0.25123.0
MinimumVisualStudioVersion = 10.0.40219.1
Project("{FAE04EC0-301F-11D3-BF4B-00C04F79EFBC}") = "MyFirstMvc", "MyFirstMvc\MyFirstMvc.csproj", "{76918DFE-D362-4DCE-B6B1-9A310740226F}"
EndProject
Project("{FAE04EC0-301F-11D3-BF4B-00C04F79EFBC}") = "MyFirstMvc.Tests", "MyFirstMvc.Tests\MyFirstMvc.Tests.csproj", "{A396764C-EFAD-46EE-A9D5-206C89A06986}"
EndProject
Global
	GlobalSection(SolutionConfigurationPlatforms) = preSolution
		Debug|Any CPU = Debug|Any CPU
		Release|Any CPU = Release|Any CPU
	EndGlobalSection
	GlobalSection(ProjectConfigurationPlatforms) = postSolution
		{76918DFE-D362-4DCE-B6B1-9A310740226F}.Debug|Any CPU.ActiveCfg = Debug|Any CPU
		{76918DFE-D362-4DCE-B6B1-9A310740226F}.Debug|Any CPU.Build.0 = Debug|Any CPU
		{76918DFE-D362-4DCE-B6B1-9A310740226F}.Release|Any CPU.ActiveCfg = Release|Any CPU
		{76918DFE-D362-4DCE-B6B1-9A310740226F}.Release|Any CPU.Build.0 = Release|Any CPU
		{A396764C-EFAD-46EE-A9D5-206C89A06986}.Debug|Any CPU.ActiveCfg = Debug|Any CPU
		{A396764C-EFAD-46EE-A9D5-206C89A06986}.Debug|Any CPU.Build.0 = Debug|Any CPU
		{A396764C-EFAD-46EE-A9D5-206C89A06986}.Release|Any CPU.ActiveCfg = Release|Any CPU
		{A396764C-EFAD-46EE-A9D5-206C89A06986}.Release|Any CPU.Build.0 = Release|Any CPU
	EndGlobalSection
	GlobalSection(SolutionProperties) = preSolution
		HideSolutionNode = FALSE
	EndGlobalSection
EndGlobal
